{
  "requires": true,
  "lockfileVersion": 1,
  "dependencies": {
    "vue-demi": {
      "version": "0.12.5",
      "resolved": "https://registry.npmjs.org/vue-demi/-/vue-demi-0.12.5.tgz",
      "integrity": "sha512-BREuTgTYlUr0zw0EZn3hnhC3I6gPWv+Kwh4MCih6QcAeaTlaIX0DwOVN0wHej7hSvDPecz4jygy/idsgKfW58Q=="
    },
    "vue-recaptcha": {
      "version": "2.0.2",
      "resolved": "https://registry.npmjs.org/vue-recaptcha/-/vue-recaptcha-2.0.2.tgz",
      "integrity": "sha512-bE5WMz9jyiiY1PlaBOSUvsgTZ/ONoRV7Oq4Fn4JVz//ul+DJ0LHIJERfoF0NNEIDWXv6GjhwGLveGhoq0sEerg==",
      "requires": {
        "vue-demi": "^0.12.1"
      }
    },
    "vue-upload-image": {
      "version": "1.1.5",
      "resolved": "https://registry.npmjs.org/vue-upload-image/-/vue-upload-image-1.1.5.tgz",
      "integrity": "sha512-UQ46eEhArgbeMIQShBUAvHyABXiuGWvFDepaeZ2e8gQDGhBICnlMdH7i/wSrR1JtecMzoz6PJyQCQQhRm1qbCg=="
    }
  }
}
